
Microsoft Visual Studio Solution File, Format Version 12.00
# Visual Studio Version 17
VisualStudioVersion = 17.0.31903.59
MinimumVisualStudioVersion = 10.0.40219.1
Project("{2150E333-8FDC-42A3-9474-1A3956D46DE8}") = "Services", "Services", "{C71BE068-8FB8-4A55-974B-76AC91F26EEA}"
EndProject
Project("{2150E333-8FDC-42A3-9474-1A3956D46DE8}") = "Catalog", "Catalog", "{F879D3F3-20EE-447D-B7B7-B92E6B934B86}"
EndProject
Project("{9A19103F-16F7-4668-BE54-9A1E7A4F7556}") = "Catalog.API", "Services\Catalog\Catalog.API\Catalog.API.csproj", "{6BD02C29-A28A-4BA8-9B6B-31FFD9F7C723}"
EndProject
Project("{E53339B2-1760-4266-BCC7-CA923CBCF16C}") = "docker-compose", "docker-compose.dcproj", "{895606B1-102A-4ED9-BFFA-18C4D03C8F84}"
EndProject
Project("{2150E333-8FDC-42A3-9474-1A3956D46DE8}") = "Basket", "Basket", "{EE3505DB-A15C-4E49-A6FE-51578F7608C1}"
EndProject
Project("{9A19103F-16F7-4668-BE54-9A1E7A4F7556}") = "Basket.API", "Services\Basket\Basket.API\Basket.API.csproj", "{8B7255A7-C0F8-473E-8F66-87A0E1F77FD2}"
EndProject
Project("{2150E333-8FDC-42A3-9474-1A3956D46DE8}") = "Discount", "Discount", "{5B6D778E-62D5-4CAC-9796-7EA6D1939DC5}"
EndProject
Project("{9A19103F-16F7-4668-BE54-9A1E7A4F7556}") = "Discount.API", "Services\Discount\Discount.API\Discount.API.csproj", "{75405BA3-448C-4547-9524-BA18556A1020}"
EndProject
Project("{9A19103F-16F7-4668-BE54-9A1E7A4F7556}") = "Discount.Grpc", "Services\Discount\Discount.Grpc\Discount.Grpc.csproj", "{72FDDFB5-AFB4-41A6-914D-BFA4CC294FDF}"
EndProject
Project("{2150E333-8FDC-42A3-9474-1A3956D46DE8}") = "Ordering", "Ordering", "{39E47AF1-9C11-4CE3-A355-D0F7EC894D5A}"
EndProject
Project("{9A19103F-16F7-4668-BE54-9A1E7A4F7556}") = "Ordering.API", "Services\Ordering\Ordering.API\Ordering.API.csproj", "{4103F80E-15B6-42A9-A310-FE584822038E}"
EndProject
Project("{9A19103F-16F7-4668-BE54-9A1E7A4F7556}") = "Ordering.Domain", "Services\Ordering\Ordering.Domain\Ordering.Domain.csproj", "{DB5270B9-0181-4BC6-83D6-F0C09A2AAF00}"
EndProject
Project("{9A19103F-16F7-4668-BE54-9A1E7A4F7556}") = "Ordering.Application", "Services\Ordering\Ordering.Application\Ordering.Application.csproj", "{C0CC872D-0C6D-49D0-B1E9-C265D9EE0C07}"
EndProject
Project("{9A19103F-16F7-4668-BE54-9A1E7A4F7556}") = "Ordering.Infrastructure", "Services\Ordering\Ordering.Infrastructure\Ordering.Infrastructure.csproj", "{D0F56B03-5518-4700-88CE-CA31CC63D363}"
EndProject
Project("{2150E333-8FDC-42A3-9474-1A3956D46DE8}") = "BuildingBlocks", "BuildingBlocks", "{D4E45B86-B944-4A33-8511-64F07BD2F8D0}"
EndProject
Project("{9A19103F-16F7-4668-BE54-9A1E7A4F7556}") = "EventBusMessages", "BuildingBlocks\EventBusMessages\EventBusMessages.csproj", "{3EEFE515-C3A9-4610-8DB6-39A5D864603D}"
EndProject
Project("{2150E333-8FDC-42A3-9474-1A3956D46DE8}") = "ApiGateways", "ApiGateways", "{CF3F92B2-7641-43EB-82A3-6E2390F0A546}"
EndProject
Project("{FAE04EC0-301F-11D3-BF4B-00C04F79EFBC}") = "OcelotApiGw", "ApiGateways\OcelotApiGw\OcelotApiGw.csproj", "{831855B5-865B-4AE0-B719-9BC445716ABF}"
EndProject
Global
	GlobalSection(SolutionConfigurationPlatforms) = preSolution
		Debug|Any CPU = Debug|Any CPU
		Release|Any CPU = Release|Any CPU
	EndGlobalSection
	GlobalSection(ProjectConfigurationPlatforms) = postSolution
		{6BD02C29-A28A-4BA8-9B6B-31FFD9F7C723}.Debug|Any CPU.ActiveCfg = Debug|Any CPU
		{6BD02C29-A28A-4BA8-9B6B-31FFD9F7C723}.Debug|Any CPU.Build.0 = Debug|Any CPU
		{6BD02C29-A28A-4BA8-9B6B-31FFD9F7C723}.Release|Any CPU.ActiveCfg = Release|Any CPU
		{6BD02C29-A28A-4BA8-9B6B-31FFD9F7C723}.Release|Any CPU.Build.0 = Release|Any CPU
		{895606B1-102A-4ED9-BFFA-18C4D03C8F84}.Debug|Any CPU.ActiveCfg = Debug|Any CPU
		{895606B1-102A-4ED9-BFFA-18C4D03C8F84}.Debug|Any CPU.Build.0 = Debug|Any CPU
		{895606B1-102A-4ED9-BFFA-18C4D03C8F84}.Release|Any CPU.ActiveCfg = Release|Any CPU
		{895606B1-102A-4ED9-BFFA-18C4D03C8F84}.Release|Any CPU.Build.0 = Release|Any CPU
		{8B7255A7-C0F8-473E-8F66-87A0E1F77FD2}.Debug|Any CPU.ActiveCfg = Debug|Any CPU
		{8B7255A7-C0F8-473E-8F66-87A0E1F77FD2}.Debug|Any CPU.Build.0 = Debug|Any CPU
		{8B7255A7-C0F8-473E-8F66-87A0E1F77FD2}.Release|Any CPU.ActiveCfg = Release|Any CPU
		{8B7255A7-C0F8-473E-8F66-87A0E1F77FD2}.Release|Any CPU.Build.0 = Release|Any CPU
		{75405BA3-448C-4547-9524-BA18556A1020}.Debug|Any CPU.ActiveCfg = Debug|Any CPU
		{75405BA3-448C-4547-9524-BA18556A1020}.Debug|Any CPU.Build.0 = Debug|Any CPU
		{75405BA3-448C-4547-9524-BA18556A1020}.Release|Any CPU.ActiveCfg = Release|Any CPU
		{75405BA3-448C-4547-9524-BA18556A1020}.Release|Any CPU.Build.0 = Release|Any CPU
		{72FDDFB5-AFB4-41A6-914D-BFA4CC294FDF}.Debug|Any CPU.ActiveCfg = Debug|Any CPU
		{72FDDFB5-AFB4-41A6-914D-BFA4CC294FDF}.Debug|Any CPU.Build.0 = Debug|Any CPU
		{72FDDFB5-AFB4-41A6-914D-BFA4CC294FDF}.Release|Any CPU.ActiveCfg = Release|Any CPU
		{72FDDFB5-AFB4-41A6-914D-BFA4CC294FDF}.Release|Any CPU.Build.0 = Release|Any CPU
		{4103F80E-15B6-42A9-A310-FE584822038E}.Debug|Any CPU.ActiveCfg = Debug|Any CPU
		{4103F80E-15B6-42A9-A310-FE584822038E}.Debug|Any CPU.Build.0 = Debug|Any CPU
		{4103F80E-15B6-42A9-A310-FE584822038E}.Release|Any CPU.ActiveCfg = Release|Any CPU
		{4103F80E-15B6-42A9-A310-FE584822038E}.Release|Any CPU.Build.0 = Release|Any CPU
		{DB5270B9-0181-4BC6-83D6-F0C09A2AAF00}.Debug|Any CPU.ActiveCfg = Debug|Any CPU
		{DB5270B9-0181-4BC6-83D6-F0C09A2AAF00}.Debug|Any CPU.Build.0 = Debug|Any CPU
		{DB5270B9-0181-4BC6-83D6-F0C09A2AAF00}.Release|Any CPU.ActiveCfg = Release|Any CPU
		{DB5270B9-0181-4BC6-83D6-F0C09A2AAF00}.Release|Any CPU.Build.0 = Release|Any CPU
		{C0CC872D-0C6D-49D0-B1E9-C265D9EE0C07}.Debug|Any CPU.ActiveCfg = Debug|Any CPU
		{C0CC872D-0C6D-49D0-B1E9-C265D9EE0C07}.Debug|Any CPU.Build.0 = Debug|Any CPU
		{C0CC872D-0C6D-49D0-B1E9-C265D9EE0C07}.Release|Any CPU.ActiveCfg = Release|Any CPU
		{C0CC872D-0C6D-49D0-B1E9-C265D9EE0C07}.Release|Any CPU.Build.0 = Release|Any CPU
		{D0F56B03-5518-4700-88CE-CA31CC63D363}.Debug|Any CPU.ActiveCfg = Debug|Any CPU
		{D0F56B03-5518-4700-88CE-CA31CC63D363}.Debug|Any CPU.Build.0 = Debug|Any CPU
		{D0F56B03-5518-4700-88CE-CA31CC63D363}.Release|Any CPU.ActiveCfg = Release|Any CPU
		{D0F56B03-5518-4700-88CE-CA31CC63D363}.Release|Any CPU.Build.0 = Release|Any CPU
		{3EEFE515-C3A9-4610-8DB6-39A5D864603D}.Debug|Any CPU.ActiveCfg = Debug|Any CPU
		{3EEFE515-C3A9-4610-8DB6-39A5D864603D}.Debug|Any CPU.Build.0 = Debug|Any CPU
		{3EEFE515-C3A9-4610-8DB6-39A5D864603D}.Release|Any CPU.ActiveCfg = Release|Any CPU
		{3EEFE515-C3A9-4610-8DB6-39A5D864603D}.Release|Any CPU.Build.0 = Release|Any CPU
		{831855B5-865B-4AE0-B719-9BC445716ABF}.Debug|Any CPU.ActiveCfg = Debug|Any CPU
		{831855B5-865B-4AE0-B719-9BC445716ABF}.Debug|Any CPU.Build.0 = Debug|Any CPU
		{831855B5-865B-4AE0-B719-9BC445716ABF}.Release|Any CPU.ActiveCfg = Release|Any CPU
		{831855B5-865B-4AE0-B719-9BC445716ABF}.Release|Any CPU.Build.0 = Release|Any CPU
	EndGlobalSection
	GlobalSection(SolutionProperties) = preSolution
		HideSolutionNode = FALSE
	EndGlobalSection
	GlobalSection(NestedProjects) = preSolution
		{F879D3F3-20EE-447D-B7B7-B92E6B934B86} = {C71BE068-8FB8-4A55-974B-76AC91F26EEA}
		{6BD02C29-A28A-4BA8-9B6B-31FFD9F7C723} = {F879D3F3-20EE-447D-B7B7-B92E6B934B86}
		{EE3505DB-A15C-4E49-A6FE-51578F7608C1} = {C71BE068-8FB8-4A55-974B-76AC91F26EEA}
		{8B7255A7-C0F8-473E-8F66-87A0E1F77FD2} = {EE3505DB-A15C-4E49-A6FE-51578F7608C1}
		{5B6D778E-62D5-4CAC-9796-7EA6D1939DC5} = {C71BE068-8FB8-4A55-974B-76AC91F26EEA}
		{75405BA3-448C-4547-9524-BA18556A1020} = {5B6D778E-62D5-4CAC-9796-7EA6D1939DC5}
		{72FDDFB5-AFB4-41A6-914D-BFA4CC294FDF} = {5B6D778E-62D5-4CAC-9796-7EA6D1939DC5}
		{39E47AF1-9C11-4CE3-A355-D0F7EC894D5A} = {C71BE068-8FB8-4A55-974B-76AC91F26EEA}
		{4103F80E-15B6-42A9-A310-FE584822038E} = {39E47AF1-9C11-4CE3-A355-D0F7EC894D5A}
		{DB5270B9-0181-4BC6-83D6-F0C09A2AAF00} = {39E47AF1-9C11-4CE3-A355-D0F7EC894D5A}
		{C0CC872D-0C6D-49D0-B1E9-C265D9EE0C07} = {39E47AF1-9C11-4CE3-A355-D0F7EC894D5A}
		{D0F56B03-5518-4700-88CE-CA31CC63D363} = {39E47AF1-9C11-4CE3-A355-D0F7EC894D5A}
		{3EEFE515-C3A9-4610-8DB6-39A5D864603D} = {D4E45B86-B944-4A33-8511-64F07BD2F8D0}
		{831855B5-865B-4AE0-B719-9BC445716ABF} = {CF3F92B2-7641-43EB-82A3-6E2390F0A546}
	EndGlobalSection
	GlobalSection(ExtensibilityGlobals) = postSolution
		SolutionGuid = {2994A34A-8138-4E40-8939-647F016C65F1}
	EndGlobalSection
EndGlobal
